{
  "name": "install-clobal-swx",
  "version": "1.0.0",
  "lockfileVersion": 1,
  "requires": true,
  "dependencies": {
    "clobal-swx": {
      "version": "1.0.0",
      "resolved": "https://registry.npmjs.org/clobal-swx/-/clobal-swx-1.0.0.tgz",
      "integrity": "sha512-EylYf0EztwUhWrra87gG39GZLVTrZUJQZHLWzx5TeWqWHdDoHX3vHyrH6Sbfr8E4gR+K5l03SWqbs6/dkO0Nhg=="
    }
  }
}
